
Microsoft Visual Studio Solution File, Format Version 12.00
# Visual Studio Version 17
VisualStudioVersion = 17.11.35222.181
MinimumVisualStudioVersion = 10.0.40219.1
Project("{FAE04EC0-301F-11D3-BF4B-00C04F79EFBC}") = "TexterLib", "TexterLib\TexterLib.csproj", "{4CAE27CC-788F-450C-997A-D9A8B610EC0A}"
EndProject
Project("{FAE04EC0-301F-11D3-BF4B-00C04F79EFBC}") = "TexterApp", "TexterApp\TexterApp.csproj", "{45C5ED38-52AE-4736-BBDD-6642EC3D548C}"
EndProject
Project("{FAE04EC0-301F-11D3-BF4B-00C04F79EFBC}") = "UnitTests", "UnitTests\UnitTests.csproj", "{D724741B-65A8-4515-A538-C372DE5052A6}"
EndProject
Global
	GlobalSection(SolutionConfigurationPlatforms) = preSolution
		Debug|Any CPU = Debug|Any CPU
		Release|Any CPU = Release|Any CPU
	EndGlobalSection
	GlobalSection(ProjectConfigurationPlatforms) = postSolution
		{4CAE27CC-788F-450C-997A-D9A8B610EC0A}.Debug|Any CPU.ActiveCfg = Debug|Any CPU
		{4CAE27CC-788F-450C-997A-D9A8B610EC0A}.Debug|Any CPU.Build.0 = Debug|Any CPU
		{4CAE27CC-788F-450C-997A-D9A8B610EC0A}.Release|Any CPU.ActiveCfg = Release|Any CPU
		{4CAE27CC-788F-450C-997A-D9A8B610EC0A}.Release|Any CPU.Build.0 = Release|Any CPU
		{45C5ED38-52AE-4736-BBDD-6642EC3D548C}.Debug|Any CPU.ActiveCfg = Debug|Any CPU
		{45C5ED38-52AE-4736-BBDD-6642EC3D548C}.Debug|Any CPU.Build.0 = Debug|Any CPU
		{45C5ED38-52AE-4736-BBDD-6642EC3D548C}.Release|Any CPU.ActiveCfg = Release|Any CPU
		{45C5ED38-52AE-4736-BBDD-6642EC3D548C}.Release|Any CPU.Build.0 = Release|Any CPU
		{D724741B-65A8-4515-A538-C372DE5052A6}.Debug|Any CPU.ActiveCfg = Debug|Any CPU
		{D724741B-65A8-4515-A538-C372DE5052A6}.Debug|Any CPU.Build.0 = Debug|Any CPU
		{D724741B-65A8-4515-A538-C372DE5052A6}.Release|Any CPU.ActiveCfg = Release|Any CPU
		{D724741B-65A8-4515-A538-C372DE5052A6}.Release|Any CPU.Build.0 = Release|Any CPU
	EndGlobalSection
	GlobalSection(SolutionProperties) = preSolution
		HideSolutionNode = FALSE
	EndGlobalSection
	GlobalSection(ExtensibilityGlobals) = postSolution
		SolutionGuid = {E352A1BD-7042-4187-BF29-35501515C316}
	EndGlobalSection
EndGlobal
